
Microsoft Visual Studio Solution File, Format Version 12.00
# Visual Studio 15
VisualStudioVersion = 15.0.28307.271
MinimumVisualStudioVersion = 10.0.40219.1
Project("{FAE04EC0-301F-11D3-BF4B-00C04F79EFBC}") = "BeyondCloudPingConsole", "BeyondCloudPingConsole\BeyondCloudPingConsole.csproj", "{43A42F88-6C41-4B12-9F87-A2CC9C133A46}"
EndProject
Global
	GlobalSection(SolutionConfigurationPlatforms) = preSolution
		Debug|Any CPU = Debug|Any CPU
		Release|Any CPU = Release|Any CPU
	EndGlobalSection
	GlobalSection(ProjectConfigurationPlatforms) = postSolution
		{43A42F88-6C41-4B12-9F87-A2CC9C133A46}.Debug|Any CPU.ActiveCfg = Debug|Any CPU
		{43A42F88-6C41-4B12-9F87-A2CC9C133A46}.Debug|Any CPU.Build.0 = Debug|Any CPU
		{43A42F88-6C41-4B12-9F87-A2CC9C133A46}.Release|Any CPU.ActiveCfg = Release|Any CPU
		{43A42F88-6C41-4B12-9F87-A2CC9C133A46}.Release|Any CPU.Build.0 = Release|Any CPU
	EndGlobalSection
	GlobalSection(SolutionProperties) = preSolution
		HideSolutionNode = FALSE
	EndGlobalSection
	GlobalSection(ExtensibilityGlobals) = postSolution
		SolutionGuid = {C967DF9B-3BFC-4241-A7D1-24AAEC1C1B71}
	EndGlobalSection
EndGlobal
